<?xml version="1.0" encoding="UTF-8" standalone="yes" ?>
<CodeBlocks_project_file>
	<FileVersion major="1" minor="6" />
	<Project>
		<Option title="ADReportGroups" />
		<Option pch_mode="2" />
		<Option compiler="gcc" />
		<Build>
			<Target title="Debug">
				<Option output="bin/Debug/ADReportGroups" prefix_auto="1" extension_auto="1" />
				<Option object_output="obj/Debug/" />
				<Option type="1" />
				<Option compiler="gcc" />
				<Option parameters='/f TXT /s /l &quot;CN=Sanders Brecht (Admin),OU=Admin Accounts,OU=Domain Security,DC=ISIS,DC=LOCAL&quot;' />
				<Compiler>
					<Add option="-g" />
				</Compiler>
			</Target>
			<Target title="Release">
				<Option output="bin/Release/ADReportGroups" prefix_auto="1" extension_auto="1" />
				<Option object_output="obj/Release/" />
				<Option type="1" />
				<Option compiler="gcc" />
				<Option parameters="/f html /c 30" />
				<Compiler>
					<Add option="-O3" />
				</Compiler>
				<Linker>
					<Add option="-s" />
				</Linker>
			</Target>
			<Target title="Debug32">
				<Option output="bin/Debug32/ADReportGroups" prefix_auto="1" extension_auto="1" />
				<Option object_output="obj/Debug32/" />
				<Option type="1" />
				<Option compiler="mingw32" />
				<Option parameters="/f TXT /s" />
				<Compiler>
					<Add option="-g" />
				</Compiler>
			</Target>
			<Target title="Release32">
				<Option output="bin/Release32/ADReportGroups" prefix_auto="1" extension_auto="1" />
				<Option object_output="obj/Release32/" />
				<Option type="1" />
				<Option compiler="mingw32" />
				<Option parameters="/f txt /c 30" />
				<Compiler>
					<Add option="-O3" />
				</Compiler>
				<Linker>
					<Add option="-s" />
				</Linker>
			</Target>
			<Target title="Debug64">
				<Option output="bin/Debug64/ADReportGroups" prefix_auto="1" extension_auto="1" />
				<Option object_output="obj/Debug64/" />
				<Option type="1" />
				<Option compiler="mingw64" />
				<Option parameters="/f TXT /s" />
				<Compiler>
					<Add option="-g" />
				</Compiler>
			</Target>
			<Target title="Release64">
				<Option output="bin/Release64/ADReportGroups" prefix_auto="1" extension_auto="1" />
				<Option object_output="obj/Release64/" />
				<Option type="1" />
				<Option compiler="mingw64" />
				<Option parameters="/f txt /c 30" />
				<Compiler>
					<Add option="-O3" />
				</Compiler>
				<Linker>
					<Add option="-s" />
				</Linker>
			</Target>
		</Build>
		<Compiler>
			<Add option="-Wall" />
			<Add option="-fexceptions" />
			<Add option="-DUNICODE" />
			<Add option="-DUSE_XLSXIO" />
			<Add option="-DSTATIC" />
			<Add option="-DTEST" />
			<Add option="-DUSE_WINLDAP" />
		</Compiler>
		<Linker>
			<Add option="-static" />
			<Add library="wldap32" />
			<Add library="xlsxio_write" />
			<Add library="zip" />
			<Add library="bz2" />
			<Add library="z" />
		</Linker>
		<Unit filename="ADReportGroups.cpp" />
		<Unit filename="adformats.c">
			<Option compilerVar="CC" />
		</Unit>
		<Unit filename="adformats.h" />
		<Unit filename="adreports_version.h" />
		<Unit filename="dataoutput.cpp" />
		<Unit filename="dataoutput.h" />
		<Unit filename="ldapconnection.cpp" />
		<Unit filename="ldapconnection.h" />
		<Extensions>
			<code_completion />
			<debugger />
			<envvars />
		</Extensions>
	</Project>
</CodeBlocks_project_file>
